PATH
  remote: .
  specs:
    aptible-cli (0.25.1)
      activesupport (>= 4.0, < 6.0)
      aptible-api (~> 1.10.0)
      aptible-auth (~> 1.2.5)
      aptible-billing (~> 1.0)
      aptible-resource (~> 1.1)
      aws-sdk-s3 (~> 1.0)
      bigdecimal (>= 3.1)
      cbor
      chronic_duration (~> 0.10.6)
      concurrent-ruby (< 1.1.10)
      connection_pool (< 2.2.4)
      faraday (~> 0.17.6)
      git (~> 1.7.0)
      httpclient (~> 2.8.0)
      json (~> 2.5.0)
      jwt (~> 2.3.0)
      rack (~> 1.0)
      stripe (< 5.0)
      term-ansicolor (~> 1.8.0)
      thor (~> 1.2.0)

GEM
  remote: https://rubygems.org/
  specs:
    activesupport (5.2.8.1)
      concurrent-ruby (~> 1.0, >= 1.0.2)
      i18n (>= 0.7, < 2)
      minitest (~> 5.1)
      tzinfo (~> 1.1)
    addressable (2.8.7)
      public_suffix (>= 2.0.2, < 7.0)
    aptible-api (1.10.0)
      aptible-auth
      aptible-resource
      gem_config
      multipart-post (< 2.2.0)
    aptible-auth (1.2.5)
      aptible-resource (~> 1.0)
      gem_config
      multipart-post (= 2.1.1)
      oauth2 (= 1.4.7)
    aptible-billing (1.0.1)
      activesupport (>= 4.0, < 6.0)
      aptible-resource (~> 1.0)
      stripe (>= 1.13.0)
    aptible-resource (1.1.3)
      activesupport
      fridge
      gem_config (~> 0.3.1)
      httpclient (~> 2.8)
      json
      uri_template (>= 0.5.2)
    aws-eventstream (1.4.0)
    aws-partitions (1.1183.0)
    aws-sdk-core (3.237.0)
      aws-eventstream (~> 1, >= 1.3.0)
      aws-partitions (~> 1, >= 1.992.0)
      aws-sigv4 (~> 1.9)
      base64
      bigdecimal
      jmespath (~> 1, >= 1.6.1)
      logger
    aws-sdk-kms (1.117.0)
      aws-sdk-core (~> 3, >= 3.234.0)
      aws-sigv4 (~> 1.5)
    aws-sdk-s3 (1.203.1)
      aws-sdk-core (~> 3, >= 3.234.0)
      aws-sdk-kms (~> 1)
      aws-sigv4 (~> 1.5)
    aws-sigv4 (1.12.1)
      aws-eventstream (~> 1, >= 1.0.2)
    base64 (0.3.0)
    bigdecimal (3.3.1)
    cbor (0.5.10.1)
    chronic_duration (0.10.6)
      numerizer (~> 0.1.1)
    climate_control (0.0.3)
      activesupport (>= 3.0)
    concurrent-ruby (1.1.9)
    connection_pool (2.2.3)
    crack (1.0.1)
      bigdecimal
      rexml
    date (3.5.0)
    did_you_mean (2.0.0)
    diff-lcs (1.6.2)
    erb (6.0.0)
    fabrication (2.15.2)
    faraday (0.17.6)
      multipart-post (>= 1.2, < 3)
    fridge (1.0.0)
      gem_config
      jwt (~> 2.3.0)
    gem_config (0.3.2)
    git (1.7.0)
      rchardet (~> 1.8)
    hashdiff (1.2.1)
    httpclient (2.8.3)
    i18n (1.14.7)
      concurrent-ruby (~> 1.0)
    io-console (0.8.1)
    irb (1.15.3)
      pp (>= 0.6.0)
      rdoc (>= 4.0.0)
      reline (>= 0.4.2)
    jmespath (1.6.2)
    json (2.5.1)
    jwt (2.3.0)
    logger (1.7.0)
    minitest (5.26.2)
    mize (0.6.1)
    multi_json (1.17.0)
    multi_xml (0.7.2)
      bigdecimal (~> 3.1)
    multipart-post (2.1.1)
    mutex_m (0.3.0)
    numerizer (0.1.1)
    oauth2 (1.4.7)
      faraday (>= 0.8, < 2.0)
      jwt (>= 1.0, < 3.0)
      multi_json (~> 1.3)
      multi_xml (~> 0.5)
      rack (>= 1.2, < 3)
    pp (0.6.3)
      prettyprint
    prettyprint (0.2.0)
    psych (5.2.6)
      date
      stringio
    public_suffix (6.0.2)
    rack (1.6.13)
    rake (12.3.3)
    rchardet (1.10.0)
    rdoc (6.15.1)
      erb
      psych (>= 4.0.0)
      tsort
    reline (0.6.3)
      io-console (~> 0.5)
    rexml (3.4.4)
    rspec (3.13.2)
      rspec-core (~> 3.13.0)
      rspec-expectations (~> 3.13.0)
      rspec-mocks (~> 3.13.0)
    rspec-core (3.13.6)
      rspec-support (~> 3.13.0)
    rspec-expectations (3.13.5)
      diff-lcs (>= 1.2.0, < 2.0)
      rspec-support (~> 3.13.0)
    rspec-mocks (3.13.7)
      diff-lcs (>= 1.2.0, < 2.0)
      rspec-support (~> 3.13.0)
    rspec-support (3.13.6)
    stringio (3.1.8)
    stripe (3.31.1)
      faraday (~> 0.10)
    sync (0.5.0)
    term-ansicolor (1.8.0)
      tins (~> 1.0)
    thor (1.2.2)
    thread_safe (0.3.6)
    tins (1.47.0)
      bigdecimal
      mize (~> 0.6)
      sync
    tsort (0.2.0)
    tzinfo (1.2.11)
      thread_safe (~> 0.1)
    uri_template (0.7.0)
    webmock (3.26.1)
      addressable (>= 2.8.0)
      crack (>= 0.3.2)
      hashdiff (>= 0.4.0, < 2.0.0)

PLATFORMS
  aarch64-linux
  ruby

DEPENDENCIES
  aptible-cli!
  bundler (>= 2.3, < 3)
  climate_control (= 0.0.3)
  did_you_mean (~> 2.0)
  fabrication (~> 2.15.2)
  irb
  mutex_m
  rack (~> 1.0)
  rake
  rspec (~> 3.2)
  webmock

BUNDLED WITH
   2.7.2
